
Microsoft Visual Studio Solution File, Format Version 12.00
# Visual Studio Version 17
VisualStudioVersion = 17.0.32014.148
MinimumVisualStudioVersion = 10.0.40219.1
Project("{FAE04EC0-301F-11D3-BF4B-00C04F79EFBC}") = "UserRegistration", "UserRegistration\UserRegistration.csproj", "{253AD2D6-1073-4DB3-A3D1-711193AFC4DB}"
EndProject
Global
	GlobalSection(SolutionConfigurationPlatforms) = preSolution
		Debug|Any CPU = Debug|Any CPU
		Release|Any CPU = Release|Any CPU
	EndGlobalSection
	GlobalSection(ProjectConfigurationPlatforms) = postSolution
		{253AD2D6-1073-4DB3-A3D1-711193AFC4DB}.Debug|Any CPU.ActiveCfg = Debug|Any CPU
		{253AD2D6-1073-4DB3-A3D1-711193AFC4DB}.Debug|Any CPU.Build.0 = Debug|Any CPU
		{253AD2D6-1073-4DB3-A3D1-711193AFC4DB}.Release|Any CPU.ActiveCfg = Release|Any CPU
		{253AD2D6-1073-4DB3-A3D1-711193AFC4DB}.Release|Any CPU.Build.0 = Release|Any CPU
	EndGlobalSection
	GlobalSection(SolutionProperties) = preSolution
		HideSolutionNode = FALSE
	EndGlobalSection
	GlobalSection(ExtensibilityGlobals) = postSolution
		SolutionGuid = {8034FF88-7EC3-43E3-ABEB-FCB7755271C5}
	EndGlobalSection
EndGlobal
